
Microsoft Visual Studio Solution File, Format Version 12.00
# Visual Studio Version 17
VisualStudioVersion = 17.14.36105.17
MinimumVisualStudioVersion = 10.0.40219.1
Project("{FAE04EC0-301F-11D3-BF4B-00C04F79EFBC}") = "ExportSlidesWithDPIDoing", "ExportSlidesWithDPIDoing.csproj", "{168FC1FE-DF10-4E90-9FB3-95036D3A38E8}"
EndProject
Global
	GlobalSection(SolutionConfigurationPlatforms) = preSolution
		Debug|Any CPU = Debug|Any CPU
		Release|Any CPU = Release|Any CPU
	EndGlobalSection
	GlobalSection(ProjectConfigurationPlatforms) = postSolution
		{168FC1FE-DF10-4E90-9FB3-95036D3A38E8}.Debug|Any CPU.ActiveCfg = Debug|Any CPU
		{168FC1FE-DF10-4E90-9FB3-95036D3A38E8}.Debug|Any CPU.Build.0 = Debug|Any CPU
		{168FC1FE-DF10-4E90-9FB3-95036D3A38E8}.Release|Any CPU.ActiveCfg = Release|Any CPU
		{168FC1FE-DF10-4E90-9FB3-95036D3A38E8}.Release|Any CPU.Build.0 = Release|Any CPU
	EndGlobalSection
	GlobalSection(SolutionProperties) = preSolution
		HideSolutionNode = FALSE
	EndGlobalSection
	GlobalSection(ExtensibilityGlobals) = postSolution
		SolutionGuid = {3A3F216B-D717-41F8-AC80-38023642C7B0}
	EndGlobalSection
EndGlobal
